// !$*UTF8*$!
{
	archiveVersion = 1;
	classes = {
	};
	objectVersion = 50;
	objects = {

/* Begin PBXBuildFile section */
		E435F04B2526F73900A3BEEE /* AppDelegate.swift in Sources */ = {isa = PBXBuildFile; fileRef = E435F04A2526F73900A3BEEE /* AppDelegate.swift */; };
		E435F04D2526F73900A3BEEE /* SceneDelegate.swift in Sources */ = {isa = PBXBuildFile; fileRef = E435F04C2526F73900A3BEEE /* SceneDelegate.swift */; };
		E435F04F2526F73900A3BEEE /* ViewController.swift in Sources */ = {isa = PBXBuildFile; fileRef = E435F04E2526F73900A3BEEE /* ViewController.swift */; };
		E435F0522526F73900A3BEEE /* Main.storyboard in Resources */ = {isa = PBXBuildFile; fileRef = E435F0502526F73900A3BEEE /* Main.storyboard */; };
		E435F0542526F73B00A3BEEE /* Assets.xcassets in Resources */ = {isa = PBXBuildFile; fileRef = E435F0532526F73B00A3BEEE /* Assets.xcassets */; };
		E435F0572526F73B00A3BEEE /* LaunchScreen.storyboard in Resources */ = {isa = PBXBuildFile; fileRef = E435F0552526F73B00A3BEEE /* LaunchScreen.storyboard */; };
		E435F0602526F7AE00A3BEEE /* blank.pdf in Resources */ = {isa = PBXBuildFile; fileRef = E435F05F2526F7AE00A3BEEE /* blank.pdf */; };
		E435F0632526F92400A3BEEE /* PDFFreedrawGestureRecognizer.swift in Sources */ = {isa = PBXBuildFile; fileRef = E435F0622526F92400A3BEEE /* PDFFreedrawGestureRecognizer.swift */; };
		E435F067252711E700A3BEEE /* UIBezierPath+.swift in Sources */ = {isa = PBXBuildFile; fileRef = E435F066252711E700A3BEEE /* UIBezierPath+.swift */; };
		E4F4FCE9252E63AC00850708 /* libPerformanceBezier.a in Frameworks */ = {isa = PBXBuildFile; fileRef = E4F4FCE7252E63AB00850708 /* libPerformanceBezier.a */; };
		E4F4FCEA252E63AC00850708 /* libClippingBezier.a in Frameworks */ = {isa = PBXBuildFile; fileRef = E4F4FCE8252E63AC00850708 /* libClippingBezier.a */; };
/* End PBXBuildFile section */

/* Begin PBXFileReference section */
		E435F0472526F73900A3BEEE /* pdfView Freedraw.app */ = {isa = PBXFileReference; explicitFileType = wrapper.application; includeInIndex = 0; path = "pdfView Freedraw.app"; sourceTree = BUILT_PRODUCTS_DIR; };
		E435F04A2526F73900A3BEEE /* AppDelegate.swift */ = {isa = PBXFileReference; lastKnownFileType = sourcecode.swift; path = AppDelegate.swift; sourceTree = "<group>"; };
		E435F04C2526F73900A3BEEE /* SceneDelegate.swift */ = {isa = PBXFileReference; lastKnownFileType = sourcecode.swift; path = SceneDelegate.swift; sourceTree = "<group>"; };
		E435F04E2526F73900A3BEEE /* ViewController.swift */ = {isa = PBXFileReference; lastKnownFileType = sourcecode.swift; path = ViewController.swift; sourceTree = "<group>"; };
		E435F0512526F73900A3BEEE /* Base */ = {isa = PBXFileReference; lastKnownFileType = file.storyboard; name = Base; path = Base.lproj/Main.storyboard; sourceTree = "<group>"; };
		E435F0532526F73B00A3BEEE /* Assets.xcassets */ = {isa = PBXFileReference; lastKnownFileType = folder.assetcatalog; path = Assets.xcassets; sourceTree = "<group>"; };
		E435F0562526F73B00A3BEEE /* Base */ = {isa = PBXFileReference; lastKnownFileType = file.storyboard; name = Base; path = Base.lproj/LaunchScreen.storyboard; sourceTree = "<group>"; };
		E435F0582526F73B00A3BEEE /* Info.plist */ = {isa = PBXFileReference; lastKnownFileType = text.plist.xml; path = Info.plist; sourceTree = "<group>"; };
		E435F05F2526F7AE00A3BEEE /* blank.pdf */ = {isa = PBXFileReference; lastKnownFileType = image.pdf; path = blank.pdf; sourceTree = "<group>"; };
		E435F0622526F92400A3BEEE /* PDFFreedrawGestureRecognizer.swift */ = {isa = PBXFileReference; lastKnownFileType = sourcecode.swift; path = PDFFreedrawGestureRecognizer.swift; sourceTree = "<group>"; };
		E435F066252711E700A3BEEE /* UIBezierPath+.swift */ = {isa = PBXFileReference; fileEncoding = 4; lastKnownFileType = sourcecode.swift; path = "UIBezierPath+.swift"; sourceTree = "<group>"; };
		E4F4FCAE252E593000850708 /* pdfView-Freedraw-Bridging-Header.h */ = {isa = PBXFileReference; lastKnownFileType = sourcecode.c.h; path = "pdfView-Freedraw-Bridging-Header.h"; sourceTree = "<group>"; };
		E4F4FCB2252E5BAC00850708 /* pdfView-Freedraw-Prefix.pch */ = {isa = PBXFileReference; lastKnownFileType = sourcecode.c.h; path = "pdfView-Freedraw-Prefix.pch"; sourceTree = "<group>"; };
		E4F4FCE7252E63AB00850708 /* libPerformanceBezier.a */ = {isa = PBXFileReference; lastKnownFileType = archive.ar; path = libPerformanceBezier.a; sourceTree = "<group>"; };
		E4F4FCE8252E63AC00850708 /* libClippingBezier.a */ = {isa = PBXFileReference; lastKnownFileType = archive.ar; path = libClippingBezier.a; sourceTree = "<group>"; };
/* End PBXFileReference section */

/* Begin PBXFrameworksBuildPhase section */
		E435F0442526F73900A3BEEE /* Frameworks */ = {
			isa = PBXFrameworksBuildPhase;
			buildActionMask = 2147483647;
			files = (
				E4F4FCEA252E63AC00850708 /* libClippingBezier.a in Frameworks */,
				E4F4FCE9252E63AC00850708 /* libPerformanceBezier.a in Frameworks */,
			);
			runOnlyForDeploymentPostprocessing = 0;
		};
/* End PBXFrameworksBuildPhase section */

/* Begin PBXGroup section */
		E435F03E2526F73900A3BEEE = {
			isa = PBXGroup;
			children = (
				E4F4FCAE252E593000850708 /* pdfView-Freedraw-Bridging-Header.h */,
				E4F4FCB2252E5BAC00850708 /* pdfView-Freedraw-Prefix.pch */,
				E435F0492526F73900A3BEEE /* pdfView Freedraw */,
				E435F0482526F73900A3BEEE /* Products */,
				E4F4FCEB252E641500850708 /* Headers */,
				E4F4FCE3252E62AE00850708 /* Frameworks */,
			);
			sourceTree = "<group>";
		};
		E435F0482526F73900A3BEEE /* Products */ = {
			isa = PBXGroup;
			children = (
				E435F0472526F73900A3BEEE /* pdfView Freedraw.app */,
			);
			name = Products;
			sourceTree = "<group>";
		};
		E435F0492526F73900A3BEEE /* pdfView Freedraw */ = {
			isa = PBXGroup;
			children = (
				E435F04A2526F73900A3BEEE /* AppDelegate.swift */,
				E435F04C2526F73900A3BEEE /* SceneDelegate.swift */,
				E435F04E2526F73900A3BEEE /* ViewController.swift */,
				E435F0622526F92400A3BEEE /* PDFFreedrawGestureRecognizer.swift */,
				E435F066252711E700A3BEEE /* UIBezierPath+.swift */,
				E435F0502526F73900A3BEEE /* Main.storyboard */,
				E435F0532526F73B00A3BEEE /* Assets.xcassets */,
				E435F0552526F73B00A3BEEE /* LaunchScreen.storyboard */,
				E435F0582526F73B00A3BEEE /* Info.plist */,
				E435F05F2526F7AE00A3BEEE /* blank.pdf */,
			);
			path = "pdfView Freedraw";
			sourceTree = "<group>";
		};
		E4F4FCE3252E62AE00850708 /* Frameworks */ = {
			isa = PBXGroup;
			children = (
				E4F4FCE8252E63AC00850708 /* libClippingBezier.a */,
				E4F4FCE7252E63AB00850708 /* libPerformanceBezier.a */,
			);
			name = Frameworks;
			sourceTree = "<group>";
		};
		E4F4FCEB252E641500850708 /* Headers */ = {
			isa = PBXGroup;
			children = (
			);
			path = Headers;
			sourceTree = "<group>";
		};
/* End PBXGroup section */

/* Begin PBXNativeTarget section */
		E435F0462526F73900A3BEEE /* pdfView Freedraw */ = {
			isa = PBXNativeTarget;
			buildConfigurationList = E435F05B2526F73B00A3BEEE /* Build configuration list for PBXNativeTarget "pdfView Freedraw" */;
			buildPhases = (
				E435F0432526F73900A3BEEE /* Sources */,
				E435F0442526F73900A3BEEE /* Frameworks */,
				E435F0452526F73900A3BEEE /* Resources */,
			);
			buildRules = (
			);
			dependencies = (
			);
			name = "pdfView Freedraw";
			productName = "pdfView Freedraw";
			productReference = E435F0472526F73900A3BEEE /* pdfView Freedraw.app */;
			productType = "com.apple.product-type.application";
		};
/* End PBXNativeTarget section */

/* Begin PBXProject section */
		E435F03F2526F73900A3BEEE /* Project object */ = {
			isa = PBXProject;
			attributes = {
				LastSwiftUpdateCheck = 1200;
				LastUpgradeCheck = 1200;
				TargetAttributes = {
					E435F0462526F73900A3BEEE = {
						CreatedOnToolsVersion = 12.0.1;
					};
				};
			};
			buildConfigurationList = E435F0422526F73900A3BEEE /* Build configuration list for PBXProject "pdfView Freedraw" */;
			compatibilityVersion = "Xcode 9.3";
			developmentRegion = en;
			hasScannedForEncodings = 0;
			knownRegions = (
				en,
				Base,
			);
			mainGroup = E435F03E2526F73900A3BEEE;
			productRefGroup = E435F0482526F73900A3BEEE /* Products */;
			projectDirPath = "";
			projectRoot = "";
			targets = (
				E435F0462526F73900A3BEEE /* pdfView Freedraw */,
			);
		};
/* End PBXProject section */

/* Begin PBXResourcesBuildPhase section */
		E435F0452526F73900A3BEEE /* Resources */ = {
			isa = PBXResourcesBuildPhase;
			buildActionMask = 2147483647;
			files = (
				E435F0572526F73B00A3BEEE /* LaunchScreen.storyboard in Resources */,
				E435F0602526F7AE00A3BEEE /* blank.pdf in Resources */,
				E435F0542526F73B00A3BEEE /* Assets.xcassets in Resources */,
				E435F0522526F73900A3BEEE /* Main.storyboard in Resources */,
			);
			runOnlyForDeploymentPostprocessing = 0;
		};
/* End PBXResourcesBuildPhase section */

/* Begin PBXSourcesBuildPhase section */
		E435F0432526F73900A3BEEE /* Sources */ = {
			isa = PBXSourcesBuildPhase;
			buildActionMask = 2147483647;
			files = (
				E435F067252711E700A3BEEE /* UIBezierPath+.swift in Sources */,
				E435F04F2526F73900A3BEEE /* ViewController.swift in Sources */,
				E435F04B2526F73900A3BEEE /* AppDelegate.swift in Sources */,
				E435F0632526F92400A3BEEE /* PDFFreedrawGestureRecognizer.swift in Sources */,
				E435F04D2526F73900A3BEEE /* SceneDelegate.swift in Sources */,
			);
			runOnlyForDeploymentPostprocessing = 0;
		};
/* End PBXSourcesBuildPhase section */

/* Begin PBXVariantGroup section */
		E435F0502526F73900A3BEEE /* Main.storyboard */ = {
			isa = PBXVariantGroup;
			children = (
				E435F0512526F73900A3BEEE /* Base */,
			);
			name = Main.storyboard;
			sourceTree = "<group>";
		};
		E435F0552526F73B00A3BEEE /* LaunchScreen.storyboard */ = {
			isa = PBXVariantGroup;
			children = (
				E435F0562526F73B00A3BEEE /* Base */,
			);
			name = LaunchScreen.storyboard;
			sourceTree = "<group>";
		};
/* End PBXVariantGroup section */

/* Begin XCBuildConfiguration section */
		E435F0592526F73B00A3BEEE /* Debug */ = {
			isa = XCBuildConfiguration;
			buildSettings = {
				ALWAYS_SEARCH_USER_PATHS = NO;
				CLANG_ANALYZER_NONNULL = YES;
				CLANG_ANALYZER_NUMBER_OBJECT_CONVERSION = YES_AGGRESSIVE;
				CLANG_CXX_LANGUAGE_STANDARD = "gnu++14";
				CLANG_CXX_LIBRARY = "libc++";
				CLANG_ENABLE_MODULES = YES;
				CLANG_ENABLE_OBJC_ARC = YES;
				CLANG_ENABLE_OBJC_WEAK = YES;
				CLANG_WARN_BLOCK_CAPTURE_AUTORELEASING = YES;
				CLANG_WARN_BOOL_CONVERSION = YES;
				CLANG_WARN_COMMA = YES;
				CLANG_WARN_CONSTANT_CONVERSION = YES;
				CLANG_WARN_DEPRECATED_OBJC_IMPLEMENTATIONS = YES;
				CLANG_WARN_DIRECT_OBJC_ISA_USAGE = YES_ERROR;
				CLANG_WARN_DOCUMENTATION_COMMENTS = YES;
				CLANG_WARN_EMPTY_BODY = YES;
				CLANG_WARN_ENUM_CONVERSION = YES;
				CLANG_WARN_INFINITE_RECURSION = YES;
				CLANG_WARN_INT_CONVERSION = YES;
				CLANG_WARN_NON_LITERAL_NULL_CONVERSION = YES;
				CLANG_WARN_OBJC_IMPLICIT_RETAIN_SELF = YES;
				CLANG_WARN_OBJC_LITERAL_CONVERSION = YES;
				CLANG_WARN_OBJC_ROOT_CLASS = YES_ERROR;
				CLANG_WARN_QUOTED_INCLUDE_IN_FRAMEWORK_HEADER = YES;
				CLANG_WARN_RANGE_LOOP_ANALYSIS = YES;
				CLANG_WARN_STRICT_PROTOTYPES = YES;
				CLANG_WARN_SUSPICIOUS_MOVE = YES;
				CLANG_WARN_UNGUARDED_AVAILABILITY = YES_AGGRESSIVE;
				CLANG_WARN_UNREACHABLE_CODE = YES;
				CLANG_WARN__DUPLICATE_METHOD_MATCH = YES;
				COPY_PHASE_STRIP = NO;
				DEBUG_INFORMATION_FORMAT = dwarf;
				ENABLE_STRICT_OBJC_MSGSEND = YES;
				ENABLE_TESTABILITY = YES;
				GCC_C_LANGUAGE_STANDARD = gnu11;
				GCC_DYNAMIC_NO_PIC = NO;
				GCC_NO_COMMON_BLOCKS = YES;
				GCC_OPTIMIZATION_LEVEL = 0;
				GCC_PREPROCESSOR_DEFINITIONS = (
					"DEBUG=1",
					"$(inherited)",
				);
				GCC_WARN_64_TO_32_BIT_CONVERSION = YES;
				GCC_WARN_ABOUT_RETURN_TYPE = YES_ERROR;
				GCC_WARN_UNDECLARED_SELECTOR = YES;
				GCC_WARN_UNINITIALIZED_AUTOS = YES_AGGRESSIVE;
				GCC_WARN_UNUSED_FUNCTION = YES;
				GCC_WARN_UNUSED_VARIABLE = YES;
				IPHONEOS_DEPLOYMENT_TARGET = 14.0;
				MTL_ENABLE_DEBUG_INFO = INCLUDE_SOURCE;
				MTL_FAST_MATH = YES;
				ONLY_ACTIVE_ARCH = YES;
				SDKROOT = iphoneos;
				SWIFT_ACTIVE_COMPILATION_CONDITIONS = DEBUG;
				SWIFT_OPTIMIZATION_LEVEL = "-Onone";
			};
			name = Debug;
		};
		E435F05A2526F73B00A3BEEE /* Release */ = {
			isa = XCBuildConfiguration;
			buildSettings = {
				ALWAYS_SEARCH_USER_PATHS = NO;
				CLANG_ANALYZER_NONNULL = YES;
				CLANG_ANALYZER_NUMBER_OBJECT_CONVERSION = YES_AGGRESSIVE;
				CLANG_CXX_LANGUAGE_STANDARD = "gnu++14";
				CLANG_CXX_LIBRARY = "libc++";
				CLANG_ENABLE_MODULES = YES;
				CLANG_ENABLE_OBJC_ARC = YES;
				CLANG_ENABLE_OBJC_WEAK = YES;
				CLANG_WARN_BLOCK_CAPTURE_AUTORELEASING = YES;
				CLANG_WARN_BOOL_CONVERSION = YES;
				CLANG_WARN_COMMA = YES;
				CLANG_WARN_CONSTANT_CONVERSION = YES;
				CLANG_WARN_DEPRECATED_OBJC_IMPLEMENTATIONS = YES;
				CLANG_WARN_DIRECT_OBJC_ISA_USAGE = YES_ERROR;
				CLANG_WARN_DOCUMENTATION_COMMENTS = YES;
				CLANG_WARN_EMPTY_BODY = YES;
				CLANG_WARN_ENUM_CONVERSION = YES;
				CLANG_WARN_INFINITE_RECURSION = YES;
				CLANG_WARN_INT_CONVERSION = YES;
				CLANG_WARN_NON_LITERAL_NULL_CONVERSION = YES;
				CLANG_WARN_OBJC_IMPLICIT_RETAIN_SELF = YES;
				CLANG_WARN_OBJC_LITERAL_CONVERSION = YES;
				CLANG_WARN_OBJC_ROOT_CLASS = YES_ERROR;
				CLANG_WARN_QUOTED_INCLUDE_IN_FRAMEWORK_HEADER = YES;
				CLANG_WARN_RANGE_LOOP_ANALYSIS = YES;
				CLANG_WARN_STRICT_PROTOTYPES = YES;
				CLANG_WARN_SUSPICIOUS_MOVE = YES;
				CLANG_WARN_UNGUARDED_AVAILABILITY = YES_AGGRESSIVE;
				CLANG_WARN_UNREACHABLE_CODE = YES;
				CLANG_WARN__DUPLICATE_METHOD_MATCH = YES;
				COPY_PHASE_STRIP = NO;
				DEBUG_INFORMATION_FORMAT = "dwarf-with-dsym";
				ENABLE_NS_ASSERTIONS = NO;
				ENABLE_STRICT_OBJC_MSGSEND = YES;
				GCC_C_LANGUAGE_STANDARD = gnu11;
				GCC_NO_COMMON_BLOCKS = YES;
				GCC_WARN_64_TO_32_BIT_CONVERSION = YES;
				GCC_WARN_ABOUT_RETURN_TYPE = YES_ERROR;
				GCC_WARN_UNDECLARED_SELECTOR = YES;
				GCC_WARN_UNINITIALIZED_AUTOS = YES_AGGRESSIVE;
				GCC_WARN_UNUSED_FUNCTION = YES;
				GCC_WARN_UNUSED_VARIABLE = YES;
				IPHONEOS_DEPLOYMENT_TARGET = 14.0;
				MTL_ENABLE_DEBUG_INFO = NO;
				MTL_FAST_MATH = YES;
				SDKROOT = iphoneos;
				SWIFT_COMPILATION_MODE = wholemodule;
				SWIFT_OPTIMIZATION_LEVEL = "-O";
				VALIDATE_PRODUCT = YES;
			};
			name = Release;
		};
		E435F05C2526F73B00A3BEEE /* Debug */ = {
			isa = XCBuildConfiguration;
			buildSettings = {
				ASSETCATALOG_COMPILER_APPICON_NAME = AppIcon;
				ASSETCATALOG_COMPILER_GLOBAL_ACCENT_COLOR_NAME = AccentColor;
				CODE_SIGN_ENTITLEMENTS = "";
				CODE_SIGN_STYLE = Automatic;
				DEVELOPMENT_TEAM = 57682FTYCX;
				GCC_PREFIX_HEADER = "$(SRCROOT)/pdfView-Freedraw-Prefix.pch";
				HEADER_SEARCH_PATHS = "$(PROJECT_DIR)/Headers";
				INFOPLIST_FILE = "pdfView Freedraw/Info.plist";
				IPHONEOS_DEPLOYMENT_TARGET = 11.0;
				LD_RUNPATH_SEARCH_PATHS = (
					"$(inherited)",
					"@executable_path/Frameworks",
				);
				LIBRARY_SEARCH_PATHS = (
					"$(inherited)",
					"$(PROJECT_DIR)",
				);
				OTHER_LDFLAGS = (
					"-ObjC++",
					"-lstdc++",
				);
				PRODUCT_BUNDLE_IDENTIFIER = "com.ronregev.pdfView-Freedraw";
				PRODUCT_NAME = "$(TARGET_NAME)";
				SUPPORTS_MACCATALYST = NO;
				SWIFT_OBJC_BRIDGING_HEADER = "$(SRCROOT)/pdfView-Freedraw-Bridging-Header.h";
				SWIFT_VERSION = 5.0;
				TARGETED_DEVICE_FAMILY = "1,2";
			};
			name = Debug;
		};
		E435F05D2526F73B00A3BEEE /* Release */ = {
			isa = XCBuildConfiguration;
			buildSettings = {
				ASSETCATALOG_COMPILER_APPICON_NAME = AppIcon;
				ASSETCATALOG_COMPILER_GLOBAL_ACCENT_COLOR_NAME = AccentColor;
				CODE_SIGN_ENTITLEMENTS = "";
				CODE_SIGN_STYLE = Automatic;
				DEVELOPMENT_TEAM = 57682FTYCX;
				GCC_PREFIX_HEADER = "$(SRCROOT)/pdfView-Freedraw-Prefix.pch";
				HEADER_SEARCH_PATHS = "$(PROJECT_DIR)/Headers";
				INFOPLIST_FILE = "pdfView Freedraw/Info.plist";
				IPHONEOS_DEPLOYMENT_TARGET = 11.0;
				LD_RUNPATH_SEARCH_PATHS = (
					"$(inherited)",
					"@executable_path/Frameworks",
				);
				LIBRARY_SEARCH_PATHS = (
					"$(inherited)",
					"$(PROJECT_DIR)",
				);
				OTHER_LDFLAGS = (
					"-ObjC++",
					"-lstdc++",
				);
				PRODUCT_BUNDLE_IDENTIFIER = "com.ronregev.pdfView-Freedraw";
				PRODUCT_NAME = "$(TARGET_NAME)";
				SUPPORTS_MACCATALYST = NO;
				SWIFT_OBJC_BRIDGING_HEADER = "$(SRCROOT)/pdfView-Freedraw-Bridging-Header.h";
				SWIFT_VERSION = 5.0;
				TARGETED_DEVICE_FAMILY = "1,2";
			};
			name = Release;
		};
/* End XCBuildConfiguration section */

/* Begin XCConfigurationList section */
		E435F0422526F73900A3BEEE /* Build configuration list for PBXProject "pdfView Freedraw" */ = {
			isa = XCConfigurationList;
			buildConfigurations = (
				E435F0592526F73B00A3BEEE /* Debug */,
				E435F05A2526F73B00A3BEEE /* Release */,
			);
			defaultConfigurationIsVisible = 0;
			defaultConfigurationName = Release;
		};
		E435F05B2526F73B00A3BEEE /* Build configuration list for PBXNativeTarget "pdfView Freedraw" */ = {
			isa = XCConfigurationList;
			buildConfigurations = (
				E435F05C2526F73B00A3BEEE /* Debug */,
				E435F05D2526F73B00A3BEEE /* Release */,
			);
			defaultConfigurationIsVisible = 0;
			defaultConfigurationName = Release;
		};
/* End XCConfigurationList section */
	};
	rootObject = E435F03F2526F73900A3BEEE /* Project object */;
}
